
Microsoft Visual Studio Solution File, Format Version 12.00
# Visual Studio Version 17
VisualStudioVersion = 17.11.35312.102
MinimumVisualStudioVersion = 10.0.40219.1
Project("{9A19103F-16F7-4668-BE54-9A1E7A4F7556}") = "PracticaProgramada_2", "PracticaProgramada_2.csproj", "{27D4C939-EDB7-4860-83EB-9BB3CFB6091E}"
EndProject
Global
	GlobalSection(SolutionConfigurationPlatforms) = preSolution
		Debug|Any CPU = Debug|Any CPU
		Release|Any CPU = Release|Any CPU
	EndGlobalSection
	GlobalSection(ProjectConfigurationPlatforms) = postSolution
		{27D4C939-EDB7-4860-83EB-9BB3CFB6091E}.Debug|Any CPU.ActiveCfg = Debug|Any CPU
		{27D4C939-EDB7-4860-83EB-9BB3CFB6091E}.Debug|Any CPU.Build.0 = Debug|Any CPU
		{27D4C939-EDB7-4860-83EB-9BB3CFB6091E}.Release|Any CPU.ActiveCfg = Release|Any CPU
		{27D4C939-EDB7-4860-83EB-9BB3CFB6091E}.Release|Any CPU.Build.0 = Release|Any CPU
	EndGlobalSection
	GlobalSection(SolutionProperties) = preSolution
		HideSolutionNode = FALSE
	EndGlobalSection
	GlobalSection(ExtensibilityGlobals) = postSolution
		SolutionGuid = {0A17A50A-A6F0-485D-B8F5-D37C98531729}
	EndGlobalSection
EndGlobal
