
Microsoft Visual Studio Solution File, Format Version 12.00
# Visual Studio Version 17
VisualStudioVersion = 17.11.35312.102
MinimumVisualStudioVersion = 10.0.40219.1
Project("{FAE04EC0-301F-11D3-BF4B-00C04F79EFBC}") = "PracticaProgramada_#2", "PracticaProgramada_#2.csproj", "{1C97DAEB-3EC6-44B9-93CD-9D79920F6EC6}"
EndProject
Global
	GlobalSection(SolutionConfigurationPlatforms) = preSolution
		Debug|Any CPU = Debug|Any CPU
		Release|Any CPU = Release|Any CPU
	EndGlobalSection
	GlobalSection(ProjectConfigurationPlatforms) = postSolution
		{1C97DAEB-3EC6-44B9-93CD-9D79920F6EC6}.Debug|Any CPU.ActiveCfg = Debug|Any CPU
		{1C97DAEB-3EC6-44B9-93CD-9D79920F6EC6}.Debug|Any CPU.Build.0 = Debug|Any CPU
		{1C97DAEB-3EC6-44B9-93CD-9D79920F6EC6}.Release|Any CPU.ActiveCfg = Release|Any CPU
		{1C97DAEB-3EC6-44B9-93CD-9D79920F6EC6}.Release|Any CPU.Build.0 = Release|Any CPU
	EndGlobalSection
	GlobalSection(SolutionProperties) = preSolution
		HideSolutionNode = FALSE
	EndGlobalSection
	GlobalSection(ExtensibilityGlobals) = postSolution
		SolutionGuid = {B133B654-E2F0-4142-87AC-D23BB7573465}
	EndGlobalSection
EndGlobal
