
Microsoft Visual Studio Solution File, Format Version 12.00
# Visual Studio Version 17
VisualStudioVersion = 17.11.35312.102
MinimumVisualStudioVersion = 10.0.40219.1
Project("{FAE04EC0-301F-11D3-BF4B-00C04F79EFBC}") = "ProyectoG2_Pokedex", "ProyectoG2_Pokedex.csproj", "{448FDAD5-ED49-4183-8E13-0B81D08F13A6}"
EndProject
Global
	GlobalSection(SolutionConfigurationPlatforms) = preSolution
		Debug|Any CPU = Debug|Any CPU
		Release|Any CPU = Release|Any CPU
	EndGlobalSection
	GlobalSection(ProjectConfigurationPlatforms) = postSolution
		{448FDAD5-ED49-4183-8E13-0B81D08F13A6}.Debug|Any CPU.ActiveCfg = Debug|Any CPU
		{448FDAD5-ED49-4183-8E13-0B81D08F13A6}.Debug|Any CPU.Build.0 = Debug|Any CPU
		{448FDAD5-ED49-4183-8E13-0B81D08F13A6}.Release|Any CPU.ActiveCfg = Release|Any CPU
		{448FDAD5-ED49-4183-8E13-0B81D08F13A6}.Release|Any CPU.Build.0 = Release|Any CPU
	EndGlobalSection
	GlobalSection(SolutionProperties) = preSolution
		HideSolutionNode = FALSE
	EndGlobalSection
	GlobalSection(ExtensibilityGlobals) = postSolution
		SolutionGuid = {041AFBDF-E48D-46C5-B1A5-95E4EAE77E63}
	EndGlobalSection
EndGlobal
